
Microsoft Visual Studio Solution File, Format Version 11.00
# Visual Studio 2010
Project("{FAE04EC0-301F-11D3-BF4B-00C04F79EFBC}") = "SqlGeneration", "SqlGeneration\SqlGeneration.csproj", "{A9A3B1ED-21E6-4EF6-AAA7-57792B094A4C}"
EndProject
Project("{FAE04EC0-301F-11D3-BF4B-00C04F79EFBC}") = "SqlGenerationTest", "SqlGenerationTest\SqlGenerationTest.csproj", "{5DE77FF2-6D61-4881-A2DE-14BAEA709566}"
EndProject
Project("{2150E333-8FDC-42A3-9474-1A3956D46DE8}") = "Solution Items", "Solution Items", "{06C7D672-4938-4C8F-80BF-D99269FFDD09}"
	ProjectSection(SolutionItems) = preProject
		Local.testsettings = Local.testsettings
		SqlGeneration.vsmdi = SqlGeneration.vsmdi
		TraceAndTestImpact.testsettings = TraceAndTestImpact.testsettings
	EndProjectSection
EndProject
Global
	GlobalSection(TestCaseManagementSettings) = postSolution
		CategoryFile = SqlGeneration.vsmdi
	EndGlobalSection
	GlobalSection(SolutionConfigurationPlatforms) = preSolution
		Debug|Any CPU = Debug|Any CPU
		Release|Any CPU = Release|Any CPU
	EndGlobalSection
	GlobalSection(ProjectConfigurationPlatforms) = postSolution
		{A9A3B1ED-21E6-4EF6-AAA7-57792B094A4C}.Debug|Any CPU.ActiveCfg = Debug|Any CPU
		{A9A3B1ED-21E6-4EF6-AAA7-57792B094A4C}.Debug|Any CPU.Build.0 = Debug|Any CPU
		{A9A3B1ED-21E6-4EF6-AAA7-57792B094A4C}.Release|Any CPU.ActiveCfg = Release|Any CPU
		{A9A3B1ED-21E6-4EF6-AAA7-57792B094A4C}.Release|Any CPU.Build.0 = Release|Any CPU
		{5DE77FF2-6D61-4881-A2DE-14BAEA709566}.Debug|Any CPU.ActiveCfg = Debug|Any CPU
		{5DE77FF2-6D61-4881-A2DE-14BAEA709566}.Debug|Any CPU.Build.0 = Debug|Any CPU
		{5DE77FF2-6D61-4881-A2DE-14BAEA709566}.Release|Any CPU.ActiveCfg = Release|Any CPU
		{5DE77FF2-6D61-4881-A2DE-14BAEA709566}.Release|Any CPU.Build.0 = Release|Any CPU
	EndGlobalSection
	GlobalSection(SolutionProperties) = preSolution
		HideSolutionNode = FALSE
	EndGlobalSection
EndGlobal
